
Microsoft Visual Studio Solution File, Format Version 12.00
# Visual Studio Version 17
VisualStudioVersion = 17.8.34525.116
MinimumVisualStudioVersion = 10.0.40219.1
Project("{FAE04EC0-301F-11D3-BF4B-00C04F79EFBC}") = "Refactoring", "Refactoring\Refactoring.csproj", "{5F462020-B53E-48AC-9813-C8145CAA646B}"
EndProject
Global
	GlobalSection(SolutionConfigurationPlatforms) = preSolution
		Debug|Any CPU = Debug|Any CPU
		Release|Any CPU = Release|Any CPU
	EndGlobalSection
	GlobalSection(ProjectConfigurationPlatforms) = postSolution
		{5F462020-B53E-48AC-9813-C8145CAA646B}.Debug|Any CPU.ActiveCfg = Debug|Any CPU
		{5F462020-B53E-48AC-9813-C8145CAA646B}.Debug|Any CPU.Build.0 = Debug|Any CPU
		{5F462020-B53E-48AC-9813-C8145CAA646B}.Release|Any CPU.ActiveCfg = Release|Any CPU
		{5F462020-B53E-48AC-9813-C8145CAA646B}.Release|Any CPU.Build.0 = Release|Any CPU
	EndGlobalSection
	GlobalSection(SolutionProperties) = preSolution
		HideSolutionNode = FALSE
	EndGlobalSection
	GlobalSection(ExtensibilityGlobals) = postSolution
		SolutionGuid = {465B35CF-3955-4CE8-A6F5-AB58D69306DA}
	EndGlobalSection
EndGlobal
